
Microsoft Visual Studio Solution File, Format Version 12.00
# Visual Studio Version 17
VisualStudioVersion = 17.7.34031.279
MinimumVisualStudioVersion = 10.0.40219.1
Project("{9A19103F-16F7-4668-BE54-9A1E7A4F7556}") = "ConvertIntoWords", "ConvertIntoWords\ConvertIntoWords.csproj", "{5B9A291E-7F37-40AB-9EFF-1E8F5D9021EA}"
EndProject
Project("{FAE04EC0-301F-11D3-BF4B-00C04F79EFBC}") = "ConvertIntoWords.Tests", "ConvertIntoWords.Tests\ConvertIntoWords.Tests.csproj", "{85FE238F-AAB5-4FF8-A92B-39C809B00CB9}"
EndProject
Global
	GlobalSection(SolutionConfigurationPlatforms) = preSolution
		Debug|Any CPU = Debug|Any CPU
		Release|Any CPU = Release|Any CPU
	EndGlobalSection
	GlobalSection(ProjectConfigurationPlatforms) = postSolution
		{5B9A291E-7F37-40AB-9EFF-1E8F5D9021EA}.Debug|Any CPU.ActiveCfg = Debug|Any CPU
		{5B9A291E-7F37-40AB-9EFF-1E8F5D9021EA}.Debug|Any CPU.Build.0 = Debug|Any CPU
		{5B9A291E-7F37-40AB-9EFF-1E8F5D9021EA}.Release|Any CPU.ActiveCfg = Release|Any CPU
		{5B9A291E-7F37-40AB-9EFF-1E8F5D9021EA}.Release|Any CPU.Build.0 = Release|Any CPU
		{85FE238F-AAB5-4FF8-A92B-39C809B00CB9}.Debug|Any CPU.ActiveCfg = Debug|Any CPU
		{85FE238F-AAB5-4FF8-A92B-39C809B00CB9}.Debug|Any CPU.Build.0 = Debug|Any CPU
		{85FE238F-AAB5-4FF8-A92B-39C809B00CB9}.Release|Any CPU.ActiveCfg = Release|Any CPU
		{85FE238F-AAB5-4FF8-A92B-39C809B00CB9}.Release|Any CPU.Build.0 = Release|Any CPU
	EndGlobalSection
	GlobalSection(SolutionProperties) = preSolution
		HideSolutionNode = FALSE
	EndGlobalSection
	GlobalSection(ExtensibilityGlobals) = postSolution
		SolutionGuid = {5A97DDD1-12FC-43A3-B7E7-FFDBE56C8C2B}
	EndGlobalSection
EndGlobal
